
Microsoft Visual Studio Solution File, Format Version 12.00
Project("{FAE04EC0-301F-11D3-BF4B-00C04F79EFBC}") = "API", "API\API.csproj", "{6AA755C4-F700-40E3-AA49-778721DD8BB2}"
EndProject
Project("{FAE04EC0-301F-11D3-BF4B-00C04F79EFBC}") = "Models", "Models\Models.csproj", "{37733A71-DA6E-4B5B-851F-13406321000F}"
EndProject
Global
	GlobalSection(SolutionConfigurationPlatforms) = preSolution
		Debug|Any CPU = Debug|Any CPU
		Release|Any CPU = Release|Any CPU
	EndGlobalSection
	GlobalSection(ProjectConfigurationPlatforms) = postSolution
		{6AA755C4-F700-40E3-AA49-778721DD8BB2}.Debug|Any CPU.ActiveCfg = Debug|Any CPU
		{6AA755C4-F700-40E3-AA49-778721DD8BB2}.Debug|Any CPU.Build.0 = Debug|Any CPU
		{6AA755C4-F700-40E3-AA49-778721DD8BB2}.Release|Any CPU.ActiveCfg = Release|Any CPU
		{6AA755C4-F700-40E3-AA49-778721DD8BB2}.Release|Any CPU.Build.0 = Release|Any CPU
		{37733A71-DA6E-4B5B-851F-13406321000F}.Debug|Any CPU.ActiveCfg = Debug|Any CPU
		{37733A71-DA6E-4B5B-851F-13406321000F}.Debug|Any CPU.Build.0 = Debug|Any CPU
		{37733A71-DA6E-4B5B-851F-13406321000F}.Release|Any CPU.ActiveCfg = Release|Any CPU
		{37733A71-DA6E-4B5B-851F-13406321000F}.Release|Any CPU.Build.0 = Release|Any CPU
	EndGlobalSection
EndGlobal
